
Microsoft Visual Studio Solution File, Format Version 12.00
# Visual Studio 15
VisualStudioVersion = 15.0.27428.1
MinimumVisualStudioVersion = 10.0.40219.1
Project("{FAE04EC0-301F-11D3-BF4B-00C04F79EFBC}") = "IndexOff", "IndexOff\IndexOff.csproj", "{A9A93E27-0729-4E22-A1DA-A386F38B1958}"
EndProject
Global
	GlobalSection(SolutionConfigurationPlatforms) = preSolution
		Debug|Any CPU = Debug|Any CPU
		Release|Any CPU = Release|Any CPU
	EndGlobalSection
	GlobalSection(ProjectConfigurationPlatforms) = postSolution
		{A9A93E27-0729-4E22-A1DA-A386F38B1958}.Debug|Any CPU.ActiveCfg = Debug|Any CPU
		{A9A93E27-0729-4E22-A1DA-A386F38B1958}.Debug|Any CPU.Build.0 = Debug|Any CPU
		{A9A93E27-0729-4E22-A1DA-A386F38B1958}.Release|Any CPU.ActiveCfg = Release|Any CPU
		{A9A93E27-0729-4E22-A1DA-A386F38B1958}.Release|Any CPU.Build.0 = Release|Any CPU
	EndGlobalSection
	GlobalSection(SolutionProperties) = preSolution
		HideSolutionNode = FALSE
	EndGlobalSection
	GlobalSection(ExtensibilityGlobals) = postSolution
		SolutionGuid = {B03640D9-39C9-4660-93D9-A8A727A3DAF3}
	EndGlobalSection
EndGlobal
